// !$*UTF8*$!
{
	archiveVersion = 1;
	classes = {
	};
	objectVersion = 50;
	objects = {

/* Begin PBXBuildFile section */
		4847CCCC2595832800E01B1F /* AppDelegate.m in Sources */ = {isa = PBXBuildFile; fileRef = 4847CCCB2595832800E01B1F /* AppDelegate.m */; };
		4847CCCF2595832800E01B1F /* SceneDelegate.m in Sources */ = {isa = PBXBuildFile; fileRef = 4847CCCE2595832800E01B1F /* SceneDelegate.m */; };
		4847CCD22595832800E01B1F /* ViewController.m in Sources */ = {isa = PBXBuildFile; fileRef = 4847CCD12595832800E01B1F /* ViewController.m */; };
		4847CCD52595832800E01B1F /* Main.storyboard in Resources */ = {isa = PBXBuildFile; fileRef = 4847CCD32595832800E01B1F /* Main.storyboard */; };
		4847CCD72595832900E01B1F /* Assets.xcassets in Resources */ = {isa = PBXBuildFile; fileRef = 4847CCD62595832900E01B1F /* Assets.xcassets */; };
		4847CCDD2595832900E01B1F /* main.m in Sources */ = {isa = PBXBuildFile; fileRef = 4847CCDC2595832900E01B1F /* main.m */; };
		4847CCE62595835100E01B1F /* UIView+Corner.m in Sources */ = {isa = PBXBuildFile; fileRef = 4847CCE52595835100E01B1F /* UIView+Corner.m */; };
		4847CCEA2595836200E01B1F /* LaunchScreen.storyboard in Resources */ = {isa = PBXBuildFile; fileRef = 4847CCE92595836200E01B1F /* LaunchScreen.storyboard */; };
		E8508F689ACC21654425D57C /* Pods_ViewCorner.framework in Frameworks */ = {isa = PBXBuildFile; fileRef = 1CF28CE7E0E777E1B9396C10 /* Pods_ViewCorner.framework */; };
/* End PBXBuildFile section */

/* Begin PBXFileReference section */
		1CF28CE7E0E777E1B9396C10 /* Pods_ViewCorner.framework */ = {isa = PBXFileReference; explicitFileType = wrapper.framework; includeInIndex = 0; path = Pods_ViewCorner.framework; sourceTree = BUILT_PRODUCTS_DIR; };
		3700BB323CB8B5F32BFFEBE5 /* Pods-ViewCorner.release.xcconfig */ = {isa = PBXFileReference; includeInIndex = 1; lastKnownFileType = text.xcconfig; name = "Pods-ViewCorner.release.xcconfig"; path = "Target Support Files/Pods-ViewCorner/Pods-ViewCorner.release.xcconfig"; sourceTree = "<group>"; };
		4847CCC72595832800E01B1F /* ViewCorner.app */ = {isa = PBXFileReference; explicitFileType = wrapper.application; includeInIndex = 0; path = ViewCorner.app; sourceTree = BUILT_PRODUCTS_DIR; };
		4847CCCA2595832800E01B1F /* AppDelegate.h */ = {isa = PBXFileReference; lastKnownFileType = sourcecode.c.h; path = AppDelegate.h; sourceTree = "<group>"; };
		4847CCCB2595832800E01B1F /* AppDelegate.m */ = {isa = PBXFileReference; lastKnownFileType = sourcecode.c.objc; path = AppDelegate.m; sourceTree = "<group>"; };
		4847CCCD2595832800E01B1F /* SceneDelegate.h */ = {isa = PBXFileReference; lastKnownFileType = sourcecode.c.h; path = SceneDelegate.h; sourceTree = "<group>"; };
		4847CCCE2595832800E01B1F /* SceneDelegate.m */ = {isa = PBXFileReference; lastKnownFileType = sourcecode.c.objc; path = SceneDelegate.m; sourceTree = "<group>"; };
		4847CCD02595832800E01B1F /* ViewController.h */ = {isa = PBXFileReference; lastKnownFileType = sourcecode.c.h; path = ViewController.h; sourceTree = "<group>"; };
		4847CCD12595832800E01B1F /* ViewController.m */ = {isa = PBXFileReference; lastKnownFileType = sourcecode.c.objc; path = ViewController.m; sourceTree = "<group>"; };
		4847CCD42595832800E01B1F /* Base */ = {isa = PBXFileReference; lastKnownFileType = file.storyboard; name = Base; path = Base.lproj/Main.storyboard; sourceTree = "<group>"; };
		4847CCD62595832900E01B1F /* Assets.xcassets */ = {isa = PBXFileReference; lastKnownFileType = folder.assetcatalog; path = Assets.xcassets; sourceTree = "<group>"; };
		4847CCDB2595832900E01B1F /* Info.plist */ = {isa = PBXFileReference; lastKnownFileType = text.plist.xml; path = Info.plist; sourceTree = "<group>"; };
		4847CCDC2595832900E01B1F /* main.m */ = {isa = PBXFileReference; lastKnownFileType = sourcecode.c.objc; path = main.m; sourceTree = "<group>"; };
		4847CCE42595835100E01B1F /* UIView+Corner.h */ = {isa = PBXFileReference; lastKnownFileType = sourcecode.c.h; path = "UIView+Corner.h"; sourceTree = "<group>"; };
		4847CCE52595835100E01B1F /* UIView+Corner.m */ = {isa = PBXFileReference; lastKnownFileType = sourcecode.c.objc; path = "UIView+Corner.m"; sourceTree = "<group>"; };
		4847CCE92595836200E01B1F /* LaunchScreen.storyboard */ = {isa = PBXFileReference; lastKnownFileType = file.storyboard; path = LaunchScreen.storyboard; sourceTree = "<group>"; };
		E909E56E5A5D378C97F6B695 /* Pods-ViewCorner.debug.xcconfig */ = {isa = PBXFileReference; includeInIndex = 1; lastKnownFileType = text.xcconfig; name = "Pods-ViewCorner.debug.xcconfig"; path = "Target Support Files/Pods-ViewCorner/Pods-ViewCorner.debug.xcconfig"; sourceTree = "<group>"; };
/* End PBXFileReference section */

/* Begin PBXFrameworksBuildPhase section */
		4847CCC42595832800E01B1F /* Frameworks */ = {
			isa = PBXFrameworksBuildPhase;
			buildActionMask = 2147483647;
			files = (
				E8508F689ACC21654425D57C /* Pods_ViewCorner.framework in Frameworks */,
			);
			runOnlyForDeploymentPostprocessing = 0;
		};
/* End PBXFrameworksBuildPhase section */

/* Begin PBXGroup section */
		4847CCBE2595832800E01B1F = {
			isa = PBXGroup;
			children = (
				4847CCC92595832800E01B1F /* ViewCorner */,
				4847CCC82595832800E01B1F /* Products */,
				977A2FCA2F36613FC6EB2DB5 /* Pods */,
				A48BE22BB836285810CB18A2 /* Frameworks */,
			);
			sourceTree = "<group>";
		};
		4847CCC82595832800E01B1F /* Products */ = {
			isa = PBXGroup;
			children = (
				4847CCC72595832800E01B1F /* ViewCorner.app */,
			);
			name = Products;
			sourceTree = "<group>";
		};
		4847CCC92595832800E01B1F /* ViewCorner */ = {
			isa = PBXGroup;
			children = (
				4847CCCA2595832800E01B1F /* AppDelegate.h */,
				4847CCCB2595832800E01B1F /* AppDelegate.m */,
				4847CCCD2595832800E01B1F /* SceneDelegate.h */,
				4847CCCE2595832800E01B1F /* SceneDelegate.m */,
				4847CCD02595832800E01B1F /* ViewController.h */,
				4847CCD12595832800E01B1F /* ViewController.m */,
				4847CCE42595835100E01B1F /* UIView+Corner.h */,
				4847CCE52595835100E01B1F /* UIView+Corner.m */,
				4847CCD32595832800E01B1F /* Main.storyboard */,
				4847CCD62595832900E01B1F /* Assets.xcassets */,
				4847CCE92595836200E01B1F /* LaunchScreen.storyboard */,
				4847CCDB2595832900E01B1F /* Info.plist */,
				4847CCDC2595832900E01B1F /* main.m */,
			);
			path = ViewCorner;
			sourceTree = "<group>";
		};
		977A2FCA2F36613FC6EB2DB5 /* Pods */ = {
			isa = PBXGroup;
			children = (
				E909E56E5A5D378C97F6B695 /* Pods-ViewCorner.debug.xcconfig */,
				3700BB323CB8B5F32BFFEBE5 /* Pods-ViewCorner.release.xcconfig */,
			);
			name = Pods;
			path = Pods;
			sourceTree = "<group>";
		};
		A48BE22BB836285810CB18A2 /* Frameworks */ = {
			isa = PBXGroup;
			children = (
				1CF28CE7E0E777E1B9396C10 /* Pods_ViewCorner.framework */,
			);
			name = Frameworks;
			sourceTree = "<group>";
		};
/* End PBXGroup section */

/* Begin PBXNativeTarget section */
		4847CCC62595832800E01B1F /* ViewCorner */ = {
			isa = PBXNativeTarget;
			buildConfigurationList = 4847CCE02595832900E01B1F /* Build configuration list for PBXNativeTarget "ViewCorner" */;
			buildPhases = (
				649E2D2F7C6964F40DFCDA40 /* [CP] Check Pods Manifest.lock */,
				4847CCC32595832800E01B1F /* Sources */,
				4847CCC42595832800E01B1F /* Frameworks */,
				4847CCC52595832800E01B1F /* Resources */,
				A7A10ECEFD6098849E4DEE09 /* [CP] Embed Pods Frameworks */,
			);
			buildRules = (
			);
			dependencies = (
			);
			name = ViewCorner;
			productName = ViewCorner;
			productReference = 4847CCC72595832800E01B1F /* ViewCorner.app */;
			productType = "com.apple.product-type.application";
		};
/* End PBXNativeTarget section */

/* Begin PBXProject section */
		4847CCBF2595832800E01B1F /* Project object */ = {
			isa = PBXProject;
			attributes = {
				LastUpgradeCheck = 1230;
				TargetAttributes = {
					4847CCC62595832800E01B1F = {
						CreatedOnToolsVersion = 12.3;
					};
				};
			};
			buildConfigurationList = 4847CCC22595832800E01B1F /* Build configuration list for PBXProject "ViewCorner" */;
			compatibilityVersion = "Xcode 9.3";
			developmentRegion = en;
			hasScannedForEncodings = 0;
			knownRegions = (
				en,
				Base,
			);
			mainGroup = 4847CCBE2595832800E01B1F;
			productRefGroup = 4847CCC82595832800E01B1F /* Products */;
			projectDirPath = "";
			projectRoot = "";
			targets = (
				4847CCC62595832800E01B1F /* ViewCorner */,
			);
		};
/* End PBXProject section */

/* Begin PBXResourcesBuildPhase section */
		4847CCC52595832800E01B1F /* Resources */ = {
			isa = PBXResourcesBuildPhase;
			buildActionMask = 2147483647;
			files = (
				4847CCEA2595836200E01B1F /* LaunchScreen.storyboard in Resources */,
				4847CCD72595832900E01B1F /* Assets.xcassets in Resources */,
				4847CCD52595832800E01B1F /* Main.storyboard in Resources */,
			);
			runOnlyForDeploymentPostprocessing = 0;
		};
/* End PBXResourcesBuildPhase section */

/* Begin PBXShellScriptBuildPhase section */
		649E2D2F7C6964F40DFCDA40 /* [CP] Check Pods Manifest.lock */ = {
			isa = PBXShellScriptBuildPhase;
			buildActionMask = 2147483647;
			files = (
			);
			inputFileListPaths = (
			);
			inputPaths = (
				"${PODS_PODFILE_DIR_PATH}/Podfile.lock",
				"${PODS_ROOT}/Manifest.lock",
			);
			name = "[CP] Check Pods Manifest.lock";
			outputFileListPaths = (
			);
			outputPaths = (
				"$(DERIVED_FILE_DIR)/Pods-ViewCorner-checkManifestLockResult.txt",
			);
			runOnlyForDeploymentPostprocessing = 0;
			shellPath = /bin/sh;
			shellScript = "diff \"${PODS_PODFILE_DIR_PATH}/Podfile.lock\" \"${PODS_ROOT}/Manifest.lock\" > /dev/null\nif [ $? != 0 ] ; then\n    # print error to STDERR\n    echo \"error: The sandbox is not in sync with the Podfile.lock. Run 'pod install' or update your CocoaPods installation.\" >&2\n    exit 1\nfi\n# This output is used by Xcode 'outputs' to avoid re-running this script phase.\necho \"SUCCESS\" > \"${SCRIPT_OUTPUT_FILE_0}\"\n";
			showEnvVarsInLog = 0;
		};
		A7A10ECEFD6098849E4DEE09 /* [CP] Embed Pods Frameworks */ = {
			isa = PBXShellScriptBuildPhase;
			buildActionMask = 2147483647;
			files = (
			);
			inputFileListPaths = (
				"${PODS_ROOT}/Target Support Files/Pods-ViewCorner/Pods-ViewCorner-frameworks-${CONFIGURATION}-input-files.xcfilelist",
			);
			name = "[CP] Embed Pods Frameworks";
			outputFileListPaths = (
				"${PODS_ROOT}/Target Support Files/Pods-ViewCorner/Pods-ViewCorner-frameworks-${CONFIGURATION}-output-files.xcfilelist",
			);
			runOnlyForDeploymentPostprocessing = 0;
			shellPath = /bin/sh;
			shellScript = "\"${PODS_ROOT}/Target Support Files/Pods-ViewCorner/Pods-ViewCorner-frameworks.sh\"\n";
			showEnvVarsInLog = 0;
		};
/* End PBXShellScriptBuildPhase section */

/* Begin PBXSourcesBuildPhase section */
		4847CCC32595832800E01B1F /* Sources */ = {
			isa = PBXSourcesBuildPhase;
			buildActionMask = 2147483647;
			files = (
				4847CCD22595832800E01B1F /* ViewController.m in Sources */,
				4847CCCC2595832800E01B1F /* AppDelegate.m in Sources */,
				4847CCDD2595832900E01B1F /* main.m in Sources */,
				4847CCCF2595832800E01B1F /* SceneDelegate.m in Sources */,
				4847CCE62595835100E01B1F /* UIView+Corner.m in Sources */,
			);
			runOnlyForDeploymentPostprocessing = 0;
		};
/* End PBXSourcesBuildPhase section */

/* Begin PBXVariantGroup section */
		4847CCD32595832800E01B1F /* Main.storyboard */ = {
			isa = PBXVariantGroup;
			children = (
				4847CCD42595832800E01B1F /* Base */,
			);
			name = Main.storyboard;
			sourceTree = "<group>";
		};
/* End PBXVariantGroup section */

/* Begin XCBuildConfiguration section */
		4847CCDE2595832900E01B1F /* Debug */ = {
			isa = XCBuildConfiguration;
			buildSettings = {
				ALWAYS_SEARCH_USER_PATHS = NO;
				CLANG_ANALYZER_NONNULL = YES;
				CLANG_ANALYZER_NUMBER_OBJECT_CONVERSION = YES_AGGRESSIVE;
				CLANG_CXX_LANGUAGE_STANDARD = "gnu++14";
				CLANG_CXX_LIBRARY = "libc++";
				CLANG_ENABLE_MODULES = YES;
				CLANG_ENABLE_OBJC_ARC = YES;
				CLANG_ENABLE_OBJC_WEAK = YES;
				CLANG_WARN_BLOCK_CAPTURE_AUTORELEASING = YES;
				CLANG_WARN_BOOL_CONVERSION = YES;
				CLANG_WARN_COMMA = YES;
				CLANG_WARN_CONSTANT_CONVERSION = YES;
				CLANG_WARN_DEPRECATED_OBJC_IMPLEMENTATIONS = YES;
				CLANG_WARN_DIRECT_OBJC_ISA_USAGE = YES_ERROR;
				CLANG_WARN_DOCUMENTATION_COMMENTS = YES;
				CLANG_WARN_EMPTY_BODY = YES;
				CLANG_WARN_ENUM_CONVERSION = YES;
				CLANG_WARN_INFINITE_RECURSION = YES;
				CLANG_WARN_INT_CONVERSION = YES;
				CLANG_WARN_NON_LITERAL_NULL_CONVERSION = YES;
				CLANG_WARN_OBJC_IMPLICIT_RETAIN_SELF = YES;
				CLANG_WARN_OBJC_LITERAL_CONVERSION = YES;
				CLANG_WARN_OBJC_ROOT_CLASS = YES_ERROR;
				CLANG_WARN_QUOTED_INCLUDE_IN_FRAMEWORK_HEADER = YES;
				CLANG_WARN_RANGE_LOOP_ANALYSIS = YES;
				CLANG_WARN_STRICT_PROTOTYPES = YES;
				CLANG_WARN_SUSPICIOUS_MOVE = YES;
				CLANG_WARN_UNGUARDED_AVAILABILITY = YES_AGGRESSIVE;
				CLANG_WARN_UNREACHABLE_CODE = YES;
				CLANG_WARN__DUPLICATE_METHOD_MATCH = YES;
				COPY_PHASE_STRIP = NO;
				DEBUG_INFORMATION_FORMAT = dwarf;
				ENABLE_STRICT_OBJC_MSGSEND = YES;
				ENABLE_TESTABILITY = YES;
				GCC_C_LANGUAGE_STANDARD = gnu11;
				GCC_DYNAMIC_NO_PIC = NO;
				GCC_NO_COMMON_BLOCKS = YES;
				GCC_OPTIMIZATION_LEVEL = 0;
				GCC_PREPROCESSOR_DEFINITIONS = (
					"DEBUG=1",
					"$(inherited)",
				);
				GCC_WARN_64_TO_32_BIT_CONVERSION = YES;
				GCC_WARN_ABOUT_RETURN_TYPE = YES_ERROR;
				GCC_WARN_UNDECLARED_SELECTOR = YES;
				GCC_WARN_UNINITIALIZED_AUTOS = YES_AGGRESSIVE;
				GCC_WARN_UNUSED_FUNCTION = YES;
				GCC_WARN_UNUSED_VARIABLE = YES;
				IPHONEOS_DEPLOYMENT_TARGET = 14.3;
				MTL_ENABLE_DEBUG_INFO = INCLUDE_SOURCE;
				MTL_FAST_MATH = YES;
				ONLY_ACTIVE_ARCH = YES;
				SDKROOT = iphoneos;
			};
			name = Debug;
		};
		4847CCDF2595832900E01B1F /* Release */ = {
			isa = XCBuildConfiguration;
			buildSettings = {
				ALWAYS_SEARCH_USER_PATHS = NO;
				CLANG_ANALYZER_NONNULL = YES;
				CLANG_ANALYZER_NUMBER_OBJECT_CONVERSION = YES_AGGRESSIVE;
				CLANG_CXX_LANGUAGE_STANDARD = "gnu++14";
				CLANG_CXX_LIBRARY = "libc++";
				CLANG_ENABLE_MODULES = YES;
				CLANG_ENABLE_OBJC_ARC = YES;
				CLANG_ENABLE_OBJC_WEAK = YES;
				CLANG_WARN_BLOCK_CAPTURE_AUTORELEASING = YES;
				CLANG_WARN_BOOL_CONVERSION = YES;
				CLANG_WARN_COMMA = YES;
				CLANG_WARN_CONSTANT_CONVERSION = YES;
				CLANG_WARN_DEPRECATED_OBJC_IMPLEMENTATIONS = YES;
				CLANG_WARN_DIRECT_OBJC_ISA_USAGE = YES_ERROR;
				CLANG_WARN_DOCUMENTATION_COMMENTS = YES;
				CLANG_WARN_EMPTY_BODY = YES;
				CLANG_WARN_ENUM_CONVERSION = YES;
				CLANG_WARN_INFINITE_RECURSION = YES;
				CLANG_WARN_INT_CONVERSION = YES;
				CLANG_WARN_NON_LITERAL_NULL_CONVERSION = YES;
				CLANG_WARN_OBJC_IMPLICIT_RETAIN_SELF = YES;
				CLANG_WARN_OBJC_LITERAL_CONVERSION = YES;
				CLANG_WARN_OBJC_ROOT_CLASS = YES_ERROR;
				CLANG_WARN_QUOTED_INCLUDE_IN_FRAMEWORK_HEADER = YES;
				CLANG_WARN_RANGE_LOOP_ANALYSIS = YES;
				CLANG_WARN_STRICT_PROTOTYPES = YES;
				CLANG_WARN_SUSPICIOUS_MOVE = YES;
				CLANG_WARN_UNGUARDED_AVAILABILITY = YES_AGGRESSIVE;
				CLANG_WARN_UNREACHABLE_CODE = YES;
				CLANG_WARN__DUPLICATE_METHOD_MATCH = YES;
				COPY_PHASE_STRIP = NO;
				DEBUG_INFORMATION_FORMAT = "dwarf-with-dsym";
				ENABLE_NS_ASSERTIONS = NO;
				ENABLE_STRICT_OBJC_MSGSEND = YES;
				GCC_C_LANGUAGE_STANDARD = gnu11;
				GCC_NO_COMMON_BLOCKS = YES;
				GCC_WARN_64_TO_32_BIT_CONVERSION = YES;
				GCC_WARN_ABOUT_RETURN_TYPE = YES_ERROR;
				GCC_WARN_UNDECLARED_SELECTOR = YES;
				GCC_WARN_UNINITIALIZED_AUTOS = YES_AGGRESSIVE;
				GCC_WARN_UNUSED_FUNCTION = YES;
				GCC_WARN_UNUSED_VARIABLE = YES;
				IPHONEOS_DEPLOYMENT_TARGET = 14.3;
				MTL_ENABLE_DEBUG_INFO = NO;
				MTL_FAST_MATH = YES;
				SDKROOT = iphoneos;
				VALIDATE_PRODUCT = YES;
			};
			name = Release;
		};
		4847CCE12595832900E01B1F /* Debug */ = {
			isa = XCBuildConfiguration;
			baseConfigurationReference = E909E56E5A5D378C97F6B695 /* Pods-ViewCorner.debug.xcconfig */;
			buildSettings = {
				ASSETCATALOG_COMPILER_APPICON_NAME = AppIcon;
				ASSETCATALOG_COMPILER_GLOBAL_ACCENT_COLOR_NAME = AccentColor;
				CODE_SIGN_STYLE = Automatic;
				INFOPLIST_FILE = ViewCorner/Info.plist;
				LD_RUNPATH_SEARCH_PATHS = (
					"$(inherited)",
					"@executable_path/Frameworks",
				);
				PRODUCT_BUNDLE_IDENTIFIER = com.Twist.ViewCorner;
				PRODUCT_NAME = "$(TARGET_NAME)";
				TARGETED_DEVICE_FAMILY = "1,2";
			};
			name = Debug;
		};
		4847CCE22595832900E01B1F /* Release */ = {
			isa = XCBuildConfiguration;
			baseConfigurationReference = 3700BB323CB8B5F32BFFEBE5 /* Pods-ViewCorner.release.xcconfig */;
			buildSettings = {
				ASSETCATALOG_COMPILER_APPICON_NAME = AppIcon;
				ASSETCATALOG_COMPILER_GLOBAL_ACCENT_COLOR_NAME = AccentColor;
				CODE_SIGN_STYLE = Automatic;
				INFOPLIST_FILE = ViewCorner/Info.plist;
				LD_RUNPATH_SEARCH_PATHS = (
					"$(inherited)",
					"@executable_path/Frameworks",
				);
				PRODUCT_BUNDLE_IDENTIFIER = com.Twist.ViewCorner;
				PRODUCT_NAME = "$(TARGET_NAME)";
				TARGETED_DEVICE_FAMILY = "1,2";
			};
			name = Release;
		};
/* End XCBuildConfiguration section */

/* Begin XCConfigurationList section */
		4847CCC22595832800E01B1F /* Build configuration list for PBXProject "ViewCorner" */ = {
			isa = XCConfigurationList;
			buildConfigurations = (
				4847CCDE2595832900E01B1F /* Debug */,
				4847CCDF2595832900E01B1F /* Release */,
			);
			defaultConfigurationIsVisible = 0;
			defaultConfigurationName = Release;
		};
		4847CCE02595832900E01B1F /* Build configuration list for PBXNativeTarget "ViewCorner" */ = {
			isa = XCConfigurationList;
			buildConfigurations = (
				4847CCE12595832900E01B1F /* Debug */,
				4847CCE22595832900E01B1F /* Release */,
			);
			defaultConfigurationIsVisible = 0;
			defaultConfigurationName = Release;
		};
/* End XCConfigurationList section */
	};
	rootObject = 4847CCBF2595832800E01B1F /* Project object */;
}
